
Microsoft Visual Studio Solution File, Format Version 12.00
# Visual Studio Version 17
VisualStudioVersion = 17.14.36310.24 d17.14
MinimumVisualStudioVersion = 10.0.40219.1
Project("{FAE04EC0-301F-11D3-BF4B-00C04F79EFBC}") = "AlgorithmAcceptanceTool", "AlgorithmAcceptance\AlgorithmAcceptanceTool.csproj", "{BDE8B726-F175-4786-8875-FE7A0290E69D}"
EndProject
Global
	GlobalSection(SolutionConfigurationPlatforms) = preSolution
		Debug|Any CPU = Debug|Any CPU
		Release|Any CPU = Release|Any CPU
	EndGlobalSection
	GlobalSection(ProjectConfigurationPlatforms) = postSolution
		{BDE8B726-F175-4786-8875-FE7A0290E69D}.Debug|Any CPU.ActiveCfg = Debug|Any CPU
		{BDE8B726-F175-4786-8875-FE7A0290E69D}.Debug|Any CPU.Build.0 = Debug|Any CPU
		{BDE8B726-F175-4786-8875-FE7A0290E69D}.Release|Any CPU.ActiveCfg = Release|Any CPU
		{BDE8B726-F175-4786-8875-FE7A0290E69D}.Release|Any CPU.Build.0 = Release|Any CPU
	EndGlobalSection
	GlobalSection(SolutionProperties) = preSolution
		HideSolutionNode = FALSE
	EndGlobalSection
	GlobalSection(ExtensibilityGlobals) = postSolution
		SolutionGuid = {6D304D2D-361B-40A2-B675-460FD7D16139}
	EndGlobalSection
EndGlobal
